# THIS IS AN AUTOGENERATED FILE. DO NOT EDIT THIS FILE DIRECTLY.
# yarn lockfile v1


"@influxdata/influxdb-client@^1.17.0":
  version "1.17.0"
  resolved "https://registry.yarnpkg.com/@influxdata/influxdb-client/-/influxdb-client-1.17.0.tgz#5017b9e7eec6d514819ddaab0d1eabdad29688dd"
  integrity sha512-2DhoQDQjhVR2iL6BHRPsBRxelk1AFLyl7huQTp5wgapTEaE/zKdy2BUAzoLDAyZiGoZfEtjDWDkZMdMwEbbC9Q==
